
Microsoft Visual Studio Solution File, Format Version 12.00
# Visual Studio 15
VisualStudioVersion = 15.0.28307.489
MinimumVisualStudioVersion = 10.0.40219.1
Project("{888888A0-9F3D-457C-B088-3A5042F75D52}") = "TasteOfTensorflow", "TasteOfTensorflow\TasteOfTensorflow.pyproj", "{85369466-78DA-4823-89E8-8B9C4A075594}"
EndProject
Global
	GlobalSection(SolutionConfigurationPlatforms) = preSolution
		Debug|Any CPU = Debug|Any CPU
		Release|Any CPU = Release|Any CPU
	EndGlobalSection
	GlobalSection(ProjectConfigurationPlatforms) = postSolution
		{85369466-78DA-4823-89E8-8B9C4A075594}.Debug|Any CPU.ActiveCfg = Debug|Any CPU
		{85369466-78DA-4823-89E8-8B9C4A075594}.Release|Any CPU.ActiveCfg = Release|Any CPU
	EndGlobalSection
	GlobalSection(SolutionProperties) = preSolution
		HideSolutionNode = FALSE
	EndGlobalSection
	GlobalSection(ExtensibilityGlobals) = postSolution
		SolutionGuid = {A351B066-6FE6-4ED6-A4B7-08F91C17FA8E}
	EndGlobalSection
EndGlobal
